// !$*UTF8*$!
{
	archiveVersion = 1;
	classes = {
	};
	objectVersion = 56;
	objects = {

/* Begin PBXBuildFile section */
		7B03E25E2A5E851800A4E27C /* DetailMapView.swift in Sources */ = {isa = PBXBuildFile; fileRef = 7B03E25D2A5E851800A4E27C /* DetailMapView.swift */; };
		7B03E2612A5E8FC800A4E27C /* MapView.swift in Sources */ = {isa = PBXBuildFile; fileRef = 7B03E2602A5E8FC800A4E27C /* MapView.swift */; };
		7B0B53072A579F5E0075268F /* LaunchScreenView.swift in Sources */ = {isa = PBXBuildFile; fileRef = 7B0B53062A579F5E0075268F /* LaunchScreenView.swift */; };
		7B0B53092A57B0F90075268F /* CodableForecast.swift in Sources */ = {isa = PBXBuildFile; fileRef = 7B0B53082A57B0F90075268F /* CodableForecast.swift */; };
		7B0B530C2A57D8F20075268F /* HourlyListView.swift in Sources */ = {isa = PBXBuildFile; fileRef = 7B0B530B2A57D8F20075268F /* HourlyListView.swift */; };
		7B0B530E2A57D8FB0075268F /* DailyListView.swift in Sources */ = {isa = PBXBuildFile; fileRef = 7B0B530D2A57D8FB0075268F /* DailyListView.swift */; };
		7B0B53112A57E7970075268F /* ErrorView.swift in Sources */ = {isa = PBXBuildFile; fileRef = 7B0B53102A57E7970075268F /* ErrorView.swift */; };
		7B226B682A55480D00D1D85F /* WeatherApp.swift in Sources */ = {isa = PBXBuildFile; fileRef = 7B226B672A55480D00D1D85F /* WeatherApp.swift */; };
		7B226B6C2A55480E00D1D85F /* Assets.xcassets in Resources */ = {isa = PBXBuildFile; fileRef = 7B226B6B2A55480E00D1D85F /* Assets.xcassets */; };
		7B226B6F2A55480E00D1D85F /* Preview Assets.xcassets in Resources */ = {isa = PBXBuildFile; fileRef = 7B226B6E2A55480E00D1D85F /* Preview Assets.xcassets */; };
		7B226B7A2A55488B00D1D85F /* MainView.swift in Sources */ = {isa = PBXBuildFile; fileRef = 7B226B792A55488B00D1D85F /* MainView.swift */; };
		7B226B7C2A554AC900D1D85F /* CurrentWeather.swift in Sources */ = {isa = PBXBuildFile; fileRef = 7B226B7B2A554AC900D1D85F /* CurrentWeather.swift */; };
		7B226B7E2A554B9600D1D85F /* Double+TemperatureString.swift in Sources */ = {isa = PBXBuildFile; fileRef = 7B226B7D2A554B9600D1D85F /* Double+TemperatureString.swift */; };
		7B226B802A554C8600D1D85F /* Forecast.swift in Sources */ = {isa = PBXBuildFile; fileRef = 7B226B7F2A554C8600D1D85F /* Forecast.swift */; };
		7B226B822A5551A700D1D85F /* Launch Screen.storyboard in Resources */ = {isa = PBXBuildFile; fileRef = 7B226B812A5551A700D1D85F /* Launch Screen.storyboard */; };
		7B226B842A55583E00D1D85F /* Color+Utils.swift in Sources */ = {isa = PBXBuildFile; fileRef = 7B226B832A55583E00D1D85F /* Color+Utils.swift */; };
		7BD449372BFAF3A400CC6A72 /* WidgetKit.framework in Frameworks */ = {isa = PBXBuildFile; fileRef = 7B0B53182A57ED290075268F /* WidgetKit.framework */; };
		7BD449382BFAF3A400CC6A72 /* SwiftUI.framework in Frameworks */ = {isa = PBXBuildFile; fileRef = 7B0B531A2A57ED290075268F /* SwiftUI.framework */; };
		7BD4493B2BFAF3A400CC6A72 /* WeatherWidgetBundle.swift in Sources */ = {isa = PBXBuildFile; fileRef = 7BD4493A2BFAF3A400CC6A72 /* WeatherWidgetBundle.swift */; };
		7BD4493D2BFAF3A400CC6A72 /* WeatherWidgetLiveActivity.swift in Sources */ = {isa = PBXBuildFile; fileRef = 7BD4493C2BFAF3A400CC6A72 /* WeatherWidgetLiveActivity.swift */; };
		7BD4493F2BFAF3A400CC6A72 /* WeatherWidget.swift in Sources */ = {isa = PBXBuildFile; fileRef = 7BD4493E2BFAF3A400CC6A72 /* WeatherWidget.swift */; };
		7BD449412BFAF3A500CC6A72 /* Assets.xcassets in Resources */ = {isa = PBXBuildFile; fileRef = 7BD449402BFAF3A500CC6A72 /* Assets.xcassets */; };
		7BD449452BFAF3A500CC6A72 /* WeatherWidgetExtension.appex in Embed Foundation Extensions */ = {isa = PBXBuildFile; fileRef = 7BD449362BFAF3A400CC6A72 /* WeatherWidgetExtension.appex */; settings = {ATTRIBUTES = (RemoveHeadersOnCopy, ); }; };
		7BD449552BFAFACF00CC6A72 /* WeatherEntryView.swift in Sources */ = {isa = PBXBuildFile; fileRef = 7BD4494D2BFAF52800CC6A72 /* WeatherEntryView.swift */; };
		7BD449562BFAFAD500CC6A72 /* WidgetData.swift in Sources */ = {isa = PBXBuildFile; fileRef = 7BD4494F2BFAF53000CC6A72 /* WidgetData.swift */; };
		7BD449572BFAFAD900CC6A72 /* WeatherEntry.swift in Sources */ = {isa = PBXBuildFile; fileRef = 7BD449512BFAF53A00CC6A72 /* WeatherEntry.swift */; };
		7BD4495E2BFAFBCE00CC6A72 /* Provider.swift in Sources */ = {isa = PBXBuildFile; fileRef = 7BD4494B2BFAF49600CC6A72 /* Provider.swift */; };
		7BD4495F2BFAFD5900CC6A72 /* Double+TemperatureString.swift in Sources */ = {isa = PBXBuildFile; fileRef = 7B226B7D2A554B9600D1D85F /* Double+TemperatureString.swift */; };
		7BD449602BFAFD6E00CC6A72 /* Color+Utils.swift in Sources */ = {isa = PBXBuildFile; fileRef = 7B226B832A55583E00D1D85F /* Color+Utils.swift */; };
		7BD449612BFAFD9B00CC6A72 /* FileManager+SharedContainer.swift in Sources */ = {isa = PBXBuildFile; fileRef = 7BF609052A58052700C9D998 /* FileManager+SharedContainer.swift */; };
		7BD449622BFAFDA600CC6A72 /* CurrentWeather.swift in Sources */ = {isa = PBXBuildFile; fileRef = 7B226B7B2A554AC900D1D85F /* CurrentWeather.swift */; };
		7BD449632BFAFDAE00CC6A72 /* Forecast.swift in Sources */ = {isa = PBXBuildFile; fileRef = 7B226B7F2A554C8600D1D85F /* Forecast.swift */; };
		7BD449662BFB018A00CC6A72 /* CodableCurrentWeather.swift in Sources */ = {isa = PBXBuildFile; fileRef = 7BE7B5302A568A71004F1D8D /* CodableCurrentWeather.swift */; };
		7BD449672BFB019C00CC6A72 /* CodableForecast.swift in Sources */ = {isa = PBXBuildFile; fileRef = 7B0B53082A57B0F90075268F /* CodableForecast.swift */; };
		7BD449682BFB01A300CC6A72 /* CodableCurrentAirPollution.swift in Sources */ = {isa = PBXBuildFile; fileRef = 7BE7B5322A568E0D004F1D8D /* CodableCurrentAirPollution.swift */; };
		7BD4496A2BFB03D600CC6A72 /* CodableImage.swift in Sources */ = {isa = PBXBuildFile; fileRef = 7BD449692BFB03D600CC6A72 /* CodableImage.swift */; };
		7BD4496C2BFB0A4A00CC6A72 /* PhotoService.swift in Sources */ = {isa = PBXBuildFile; fileRef = 7BD4496B2BFB0A4A00CC6A72 /* PhotoService.swift */; };
		7BD449702BFB0D3700CC6A72 /* Collection+Utils.swift in Sources */ = {isa = PBXBuildFile; fileRef = 7BD4496F2BFB0D3700CC6A72 /* Collection+Utils.swift */; };
		7BD449732BFB3FA400CC6A72 /* WidgetData.swift in Sources */ = {isa = PBXBuildFile; fileRef = 7BD4494F2BFAF53000CC6A72 /* WidgetData.swift */; };
		7BE639582A70B76B00B863B6 /* Consts.swift in Sources */ = {isa = PBXBuildFile; fileRef = 7BE639572A70B76B00B863B6 /* Consts.swift */; };
		7BE7B51C2A564172004F1D8D /* CurrentWeatherView.swift in Sources */ = {isa = PBXBuildFile; fileRef = 7BE7B51B2A564172004F1D8D /* CurrentWeatherView.swift */; };
		7BE7B51E2A56424E004F1D8D /* CurrentWeatherDetailView.swift in Sources */ = {isa = PBXBuildFile; fileRef = 7BE7B51D2A56424E004F1D8D /* CurrentWeatherDetailView.swift */; };
		7BE7B5202A5642DA004F1D8D /* MoreWeatherListView.swift in Sources */ = {isa = PBXBuildFile; fileRef = 7BE7B51F2A5642DA004F1D8D /* MoreWeatherListView.swift */; };
		7BE7B5252A564650004F1D8D /* MainButtonMenu.swift in Sources */ = {isa = PBXBuildFile; fileRef = 7BE7B5242A564650004F1D8D /* MainButtonMenu.swift */; };
		7BE7B5272A565F4C004F1D8D /* LocationListView.swift in Sources */ = {isa = PBXBuildFile; fileRef = 7BE7B5262A565F4C004F1D8D /* LocationListView.swift */; };
		7BE7B5292A56682D004F1D8D /* WeatherService.swift in Sources */ = {isa = PBXBuildFile; fileRef = 7BE7B5282A56682D004F1D8D /* WeatherService.swift */; };
		7BE7B52B2A56739D004F1D8D /* WeatherService+Location.swift in Sources */ = {isa = PBXBuildFile; fileRef = 7BE7B52A2A56739D004F1D8D /* WeatherService+Location.swift */; };
		7BE7B5312A568A71004F1D8D /* CodableCurrentWeather.swift in Sources */ = {isa = PBXBuildFile; fileRef = 7BE7B5302A568A71004F1D8D /* CodableCurrentWeather.swift */; };
		7BE7B5332A568E0D004F1D8D /* CodableCurrentAirPollution.swift in Sources */ = {isa = PBXBuildFile; fileRef = 7BE7B5322A568E0D004F1D8D /* CodableCurrentAirPollution.swift */; };
		7BE7B5352A568F3D004F1D8D /* WeatherService+API.swift in Sources */ = {isa = PBXBuildFile; fileRef = 7BE7B5342A568F3D004F1D8D /* WeatherService+API.swift */; };
		7BE7B5372A5691B4004F1D8D /* ApiError.swift in Sources */ = {isa = PBXBuildFile; fileRef = 7BE7B5362A5691B4004F1D8D /* ApiError.swift */; };
		7BEA18572A5CE55B00520E84 /* WeatherApp.xcdatamodeld in Sources */ = {isa = PBXBuildFile; fileRef = 7BEA18552A5CE55B00520E84 /* WeatherApp.xcdatamodeld */; };
		7BEA18592A5CE56700520E84 /* CoreDataManager.swift in Sources */ = {isa = PBXBuildFile; fileRef = 7BEA18582A5CE56700520E84 /* CoreDataManager.swift */; };
		7BF609062A58052700C9D998 /* FileManager+SharedContainer.swift in Sources */ = {isa = PBXBuildFile; fileRef = 7BF609052A58052700C9D998 /* FileManager+SharedContainer.swift */; };
		7BF713732A6521F5001DB5C4 /* LocationManger.swift in Sources */ = {isa = PBXBuildFile; fileRef = 7BF713722A6521F5001DB5C4 /* LocationManger.swift */; };
		7BFB612D2A5B97030056F7D8 /* DetailGridItem.swift in Sources */ = {isa = PBXBuildFile; fileRef = 7BFB612C2A5B97030056F7D8 /* DetailGridItem.swift */; };
		7BFB61302A5B97C30056F7D8 /* PlaceMark.swift in Sources */ = {isa = PBXBuildFile; fileRef = 7BFB612F2A5B97C30056F7D8 /* PlaceMark.swift */; };
		7BFB61322A5BCA160056F7D8 /* DetailListService.swift in Sources */ = {isa = PBXBuildFile; fileRef = 7BFB61312A5BCA160056F7D8 /* DetailListService.swift */; };
		7BFB61342A5BCF350056F7D8 /* DetailView.swift in Sources */ = {isa = PBXBuildFile; fileRef = 7BFB61332A5BCF350056F7D8 /* DetailView.swift */; };
		7BFB61362A5BD2A90056F7D8 /* ListEditView.swift in Sources */ = {isa = PBXBuildFile; fileRef = 7BFB61352A5BD2A90056F7D8 /* ListEditView.swift */; };
/* End PBXBuildFile section */

/* Begin PBXContainerItemProxy section */
		7BD449432BFAF3A500CC6A72 /* PBXContainerItemProxy */ = {
			isa = PBXContainerItemProxy;
			containerPortal = 7B226B5C2A55480C00D1D85F /* Project object */;
			proxyType = 1;
			remoteGlobalIDString = 7BD449352BFAF3A400CC6A72;
			remoteInfo = WeatherWidgetExtension;
		};
/* End PBXContainerItemProxy section */

/* Begin PBXCopyFilesBuildPhase section */
		7B0B532F2A57ED2A0075268F /* Embed Foundation Extensions */ = {
			isa = PBXCopyFilesBuildPhase;
			buildActionMask = 2147483647;
			dstPath = "";
			dstSubfolderSpec = 13;
			files = (
				7BD449452BFAF3A500CC6A72 /* WeatherWidgetExtension.appex in Embed Foundation Extensions */,
			);
			name = "Embed Foundation Extensions";
			runOnlyForDeploymentPostprocessing = 0;
		};
/* End PBXCopyFilesBuildPhase section */

/* Begin PBXFileReference section */
		7B03E25D2A5E851800A4E27C /* DetailMapView.swift */ = {isa = PBXFileReference; lastKnownFileType = sourcecode.swift; path = DetailMapView.swift; sourceTree = "<group>"; };
		7B03E2602A5E8FC800A4E27C /* MapView.swift */ = {isa = PBXFileReference; lastKnownFileType = sourcecode.swift; path = MapView.swift; sourceTree = "<group>"; };
		7B0B53032A5797F70075268F /* Info.plist */ = {isa = PBXFileReference; lastKnownFileType = text.plist; path = Info.plist; sourceTree = "<group>"; };
		7B0B53062A579F5E0075268F /* LaunchScreenView.swift */ = {isa = PBXFileReference; lastKnownFileType = sourcecode.swift; path = LaunchScreenView.swift; sourceTree = "<group>"; };
		7B0B53082A57B0F90075268F /* CodableForecast.swift */ = {isa = PBXFileReference; lastKnownFileType = sourcecode.swift; path = CodableForecast.swift; sourceTree = "<group>"; };
		7B0B530B2A57D8F20075268F /* HourlyListView.swift */ = {isa = PBXFileReference; lastKnownFileType = sourcecode.swift; path = HourlyListView.swift; sourceTree = "<group>"; };
		7B0B530D2A57D8FB0075268F /* DailyListView.swift */ = {isa = PBXFileReference; lastKnownFileType = sourcecode.swift; path = DailyListView.swift; sourceTree = "<group>"; };
		7B0B53102A57E7970075268F /* ErrorView.swift */ = {isa = PBXFileReference; lastKnownFileType = sourcecode.swift; path = ErrorView.swift; sourceTree = "<group>"; };
		7B0B53182A57ED290075268F /* WidgetKit.framework */ = {isa = PBXFileReference; lastKnownFileType = wrapper.framework; name = WidgetKit.framework; path = System/Library/Frameworks/WidgetKit.framework; sourceTree = SDKROOT; };
		7B0B531A2A57ED290075268F /* SwiftUI.framework */ = {isa = PBXFileReference; lastKnownFileType = wrapper.framework; name = SwiftUI.framework; path = System/Library/Frameworks/SwiftUI.framework; sourceTree = SDKROOT; };
		7B226B642A55480C00D1D85F /* WeatherApp.app */ = {isa = PBXFileReference; explicitFileType = wrapper.application; includeInIndex = 0; path = WeatherApp.app; sourceTree = BUILT_PRODUCTS_DIR; };
		7B226B672A55480D00D1D85F /* WeatherApp.swift */ = {isa = PBXFileReference; lastKnownFileType = sourcecode.swift; path = WeatherApp.swift; sourceTree = "<group>"; };
		7B226B6B2A55480E00D1D85F /* Assets.xcassets */ = {isa = PBXFileReference; lastKnownFileType = folder.assetcatalog; path = Assets.xcassets; sourceTree = "<group>"; };
		7B226B6E2A55480E00D1D85F /* Preview Assets.xcassets */ = {isa = PBXFileReference; lastKnownFileType = folder.assetcatalog; path = "Preview Assets.xcassets"; sourceTree = "<group>"; };
		7B226B792A55488B00D1D85F /* MainView.swift */ = {isa = PBXFileReference; lastKnownFileType = sourcecode.swift; path = MainView.swift; sourceTree = "<group>"; };
		7B226B7B2A554AC900D1D85F /* CurrentWeather.swift */ = {isa = PBXFileReference; lastKnownFileType = sourcecode.swift; path = CurrentWeather.swift; sourceTree = "<group>"; };
		7B226B7D2A554B9600D1D85F /* Double+TemperatureString.swift */ = {isa = PBXFileReference; lastKnownFileType = sourcecode.swift; path = "Double+TemperatureString.swift"; sourceTree = "<group>"; };
		7B226B7F2A554C8600D1D85F /* Forecast.swift */ = {isa = PBXFileReference; lastKnownFileType = sourcecode.swift; path = Forecast.swift; sourceTree = "<group>"; };
		7B226B812A5551A700D1D85F /* Launch Screen.storyboard */ = {isa = PBXFileReference; lastKnownFileType = file.storyboard; path = "Launch Screen.storyboard"; sourceTree = "<group>"; };
		7B226B832A55583E00D1D85F /* Color+Utils.swift */ = {isa = PBXFileReference; lastKnownFileType = sourcecode.swift; path = "Color+Utils.swift"; sourceTree = "<group>"; };
		7BD449362BFAF3A400CC6A72 /* WeatherWidgetExtension.appex */ = {isa = PBXFileReference; explicitFileType = "wrapper.app-extension"; includeInIndex = 0; path = WeatherWidgetExtension.appex; sourceTree = BUILT_PRODUCTS_DIR; };
		7BD4493A2BFAF3A400CC6A72 /* WeatherWidgetBundle.swift */ = {isa = PBXFileReference; lastKnownFileType = sourcecode.swift; path = WeatherWidgetBundle.swift; sourceTree = "<group>"; };
		7BD4493C2BFAF3A400CC6A72 /* WeatherWidgetLiveActivity.swift */ = {isa = PBXFileReference; lastKnownFileType = sourcecode.swift; path = WeatherWidgetLiveActivity.swift; sourceTree = "<group>"; };
		7BD4493E2BFAF3A400CC6A72 /* WeatherWidget.swift */ = {isa = PBXFileReference; lastKnownFileType = sourcecode.swift; path = WeatherWidget.swift; sourceTree = "<group>"; };
		7BD449402BFAF3A500CC6A72 /* Assets.xcassets */ = {isa = PBXFileReference; lastKnownFileType = folder.assetcatalog; path = Assets.xcassets; sourceTree = "<group>"; };
		7BD449422BFAF3A500CC6A72 /* Info.plist */ = {isa = PBXFileReference; lastKnownFileType = text.plist.xml; path = Info.plist; sourceTree = "<group>"; };
		7BD4494B2BFAF49600CC6A72 /* Provider.swift */ = {isa = PBXFileReference; lastKnownFileType = sourcecode.swift; path = Provider.swift; sourceTree = "<group>"; };
		7BD4494D2BFAF52800CC6A72 /* WeatherEntryView.swift */ = {isa = PBXFileReference; lastKnownFileType = sourcecode.swift; path = WeatherEntryView.swift; sourceTree = "<group>"; };
		7BD4494F2BFAF53000CC6A72 /* WidgetData.swift */ = {isa = PBXFileReference; lastKnownFileType = sourcecode.swift; path = WidgetData.swift; sourceTree = "<group>"; };
		7BD449512BFAF53A00CC6A72 /* WeatherEntry.swift */ = {isa = PBXFileReference; lastKnownFileType = sourcecode.swift; path = WeatherEntry.swift; sourceTree = "<group>"; };
		7BD449532BFAFA0400CC6A72 /* WeatherWidgetExtension.entitlements */ = {isa = PBXFileReference; lastKnownFileType = text.plist.entitlements; path = WeatherWidgetExtension.entitlements; sourceTree = "<group>"; };
		7BD449692BFB03D600CC6A72 /* CodableImage.swift */ = {isa = PBXFileReference; lastKnownFileType = sourcecode.swift; path = CodableImage.swift; sourceTree = "<group>"; };
		7BD4496B2BFB0A4A00CC6A72 /* PhotoService.swift */ = {isa = PBXFileReference; lastKnownFileType = sourcecode.swift; path = PhotoService.swift; sourceTree = "<group>"; };
		7BD4496F2BFB0D3700CC6A72 /* Collection+Utils.swift */ = {isa = PBXFileReference; lastKnownFileType = sourcecode.swift; path = "Collection+Utils.swift"; sourceTree = "<group>"; };
		7BE639572A70B76B00B863B6 /* Consts.swift */ = {isa = PBXFileReference; lastKnownFileType = sourcecode.swift; path = Consts.swift; sourceTree = "<group>"; };
		7BE7B51B2A564172004F1D8D /* CurrentWeatherView.swift */ = {isa = PBXFileReference; lastKnownFileType = sourcecode.swift; path = CurrentWeatherView.swift; sourceTree = "<group>"; };
		7BE7B51D2A56424E004F1D8D /* CurrentWeatherDetailView.swift */ = {isa = PBXFileReference; lastKnownFileType = sourcecode.swift; path = CurrentWeatherDetailView.swift; sourceTree = "<group>"; };
		7BE7B51F2A5642DA004F1D8D /* MoreWeatherListView.swift */ = {isa = PBXFileReference; lastKnownFileType = sourcecode.swift; path = MoreWeatherListView.swift; sourceTree = "<group>"; };
		7BE7B5242A564650004F1D8D /* MainButtonMenu.swift */ = {isa = PBXFileReference; fileEncoding = 4; lastKnownFileType = sourcecode.swift; path = MainButtonMenu.swift; sourceTree = "<group>"; };
		7BE7B5262A565F4C004F1D8D /* LocationListView.swift */ = {isa = PBXFileReference; lastKnownFileType = sourcecode.swift; path = LocationListView.swift; sourceTree = "<group>"; };
		7BE7B5282A56682D004F1D8D /* WeatherService.swift */ = {isa = PBXFileReference; lastKnownFileType = sourcecode.swift; path = WeatherService.swift; sourceTree = "<group>"; };
		7BE7B52A2A56739D004F1D8D /* WeatherService+Location.swift */ = {isa = PBXFileReference; lastKnownFileType = sourcecode.swift; path = "WeatherService+Location.swift"; sourceTree = "<group>"; };
		7BE7B52C2A567A94004F1D8D /* GangnamStation.gpx */ = {isa = PBXFileReference; lastKnownFileType = text.xml; path = GangnamStation.gpx; sourceTree = "<group>"; };
		7BE7B5302A568A71004F1D8D /* CodableCurrentWeather.swift */ = {isa = PBXFileReference; lastKnownFileType = sourcecode.swift; path = CodableCurrentWeather.swift; sourceTree = "<group>"; };
		7BE7B5322A568E0D004F1D8D /* CodableCurrentAirPollution.swift */ = {isa = PBXFileReference; lastKnownFileType = sourcecode.swift; path = CodableCurrentAirPollution.swift; sourceTree = "<group>"; };
		7BE7B5342A568F3D004F1D8D /* WeatherService+API.swift */ = {isa = PBXFileReference; lastKnownFileType = sourcecode.swift; path = "WeatherService+API.swift"; sourceTree = "<group>"; };
		7BE7B5362A5691B4004F1D8D /* ApiError.swift */ = {isa = PBXFileReference; lastKnownFileType = sourcecode.swift; path = ApiError.swift; sourceTree = "<group>"; };
		7BEA18562A5CE55B00520E84 /* WeatherApp.xcdatamodel */ = {isa = PBXFileReference; lastKnownFileType = wrapper.xcdatamodel; path = WeatherApp.xcdatamodel; sourceTree = "<group>"; };
		7BEA18582A5CE56700520E84 /* CoreDataManager.swift */ = {isa = PBXFileReference; lastKnownFileType = sourcecode.swift; path = CoreDataManager.swift; sourceTree = "<group>"; };
		7BF609042A5804AF00C9D998 /* WeatherApp.entitlements */ = {isa = PBXFileReference; lastKnownFileType = text.plist.entitlements; path = WeatherApp.entitlements; sourceTree = "<group>"; };
		7BF609052A58052700C9D998 /* FileManager+SharedContainer.swift */ = {isa = PBXFileReference; lastKnownFileType = sourcecode.swift; path = "FileManager+SharedContainer.swift"; sourceTree = "<group>"; };
		7BF713722A6521F5001DB5C4 /* LocationManger.swift */ = {isa = PBXFileReference; lastKnownFileType = sourcecode.swift; path = LocationManger.swift; sourceTree = "<group>"; };
		7BFB612C2A5B97030056F7D8 /* DetailGridItem.swift */ = {isa = PBXFileReference; lastKnownFileType = sourcecode.swift; path = DetailGridItem.swift; sourceTree = "<group>"; };
		7BFB612F2A5B97C30056F7D8 /* PlaceMark.swift */ = {isa = PBXFileReference; lastKnownFileType = sourcecode.swift; path = PlaceMark.swift; sourceTree = "<group>"; };
		7BFB61312A5BCA160056F7D8 /* DetailListService.swift */ = {isa = PBXFileReference; lastKnownFileType = sourcecode.swift; path = DetailListService.swift; sourceTree = "<group>"; };
		7BFB61332A5BCF350056F7D8 /* DetailView.swift */ = {isa = PBXFileReference; lastKnownFileType = sourcecode.swift; path = DetailView.swift; sourceTree = "<group>"; };
		7BFB61352A5BD2A90056F7D8 /* ListEditView.swift */ = {isa = PBXFileReference; lastKnownFileType = sourcecode.swift; path = ListEditView.swift; sourceTree = "<group>"; };
/* End PBXFileReference section */

/* Begin PBXFrameworksBuildPhase section */
		7B226B612A55480C00D1D85F /* Frameworks */ = {
			isa = PBXFrameworksBuildPhase;
			buildActionMask = 2147483647;
			files = (
			);
			runOnlyForDeploymentPostprocessing = 0;
		};
		7BD449332BFAF3A400CC6A72 /* Frameworks */ = {
			isa = PBXFrameworksBuildPhase;
			buildActionMask = 2147483647;
			files = (
				7BD449382BFAF3A400CC6A72 /* SwiftUI.framework in Frameworks */,
				7BD449372BFAF3A400CC6A72 /* WidgetKit.framework in Frameworks */,
			);
			runOnlyForDeploymentPostprocessing = 0;
		};
/* End PBXFrameworksBuildPhase section */

/* Begin PBXGroup section */
		7B03E25F2A5E8FBE00A4E27C /* Map */ = {
			isa = PBXGroup;
			children = (
				7B03E25D2A5E851800A4E27C /* DetailMapView.swift */,
				7B03E2602A5E8FC800A4E27C /* MapView.swift */,
				7BF713722A6521F5001DB5C4 /* LocationManger.swift */,
			);
			path = Map;
			sourceTree = "<group>";
		};
		7B0B530A2A57D8D50075268F /* MoreList */ = {
			isa = PBXGroup;
			children = (
				7BE7B51F2A5642DA004F1D8D /* MoreWeatherListView.swift */,
				7B0B530B2A57D8F20075268F /* HourlyListView.swift */,
				7B0B530D2A57D8FB0075268F /* DailyListView.swift */,
			);
			path = MoreList;
			sourceTree = "<group>";
		};
		7B0B53172A57ED290075268F /* Frameworks */ = {
			isa = PBXGroup;
			children = (
				7B0B53182A57ED290075268F /* WidgetKit.framework */,
				7B0B531A2A57ED290075268F /* SwiftUI.framework */,
			);
			name = Frameworks;
			sourceTree = "<group>";
		};
		7B226B5B2A55480C00D1D85F = {
			isa = PBXGroup;
			children = (
				7BD449532BFAFA0400CC6A72 /* WeatherWidgetExtension.entitlements */,
				7B226B662A55480C00D1D85F /* WeatherApp */,
				7BD449392BFAF3A400CC6A72 /* WeatherWidget */,
				7B0B53172A57ED290075268F /* Frameworks */,
				7B226B652A55480C00D1D85F /* Products */,
			);
			sourceTree = "<group>";
		};
		7B226B652A55480C00D1D85F /* Products */ = {
			isa = PBXGroup;
			children = (
				7B226B642A55480C00D1D85F /* WeatherApp.app */,
				7BD449362BFAF3A400CC6A72 /* WeatherWidgetExtension.appex */,
			);
			name = Products;
			sourceTree = "<group>";
		};
		7B226B662A55480C00D1D85F /* WeatherApp */ = {
			isa = PBXGroup;
			children = (
				7BF609042A5804AF00C9D998 /* WeatherApp.entitlements */,
				7B0B53032A5797F70075268F /* Info.plist */,
				7B226B812A5551A700D1D85F /* Launch Screen.storyboard */,
				7B226B672A55480D00D1D85F /* WeatherApp.swift */,
				7BE639572A70B76B00B863B6 /* Consts.swift */,
				7B226B782A55487E00D1D85F /* View */,
				7B226B762A55485E00D1D85F /* Service */,
				7B226B752A55485600D1D85F /* Model */,
				7BEA18532A5CE51D00520E84 /* CoreData */,
				7B226B772A55487000D1D85F /* Extension */,
				7B226B6B2A55480E00D1D85F /* Assets.xcassets */,
				7BE7B52C2A567A94004F1D8D /* GangnamStation.gpx */,
				7B226B6D2A55480E00D1D85F /* Preview Content */,
			);
			path = WeatherApp;
			sourceTree = "<group>";
		};
		7B226B6D2A55480E00D1D85F /* Preview Content */ = {
			isa = PBXGroup;
			children = (
				7B226B6E2A55480E00D1D85F /* Preview Assets.xcassets */,
			);
			path = "Preview Content";
			sourceTree = "<group>";
		};
		7B226B752A55485600D1D85F /* Model */ = {
			isa = PBXGroup;
			children = (
				7BFB612F2A5B97C30056F7D8 /* PlaceMark.swift */,
				7B226B7B2A554AC900D1D85F /* CurrentWeather.swift */,
				7B226B7F2A554C8600D1D85F /* Forecast.swift */,
			);
			path = Model;
			sourceTree = "<group>";
		};
		7B226B762A55485E00D1D85F /* Service */ = {
			isa = PBXGroup;
			children = (
				7BE7B52F2A568A56004F1D8D /* Model */,
				7BE7B5282A56682D004F1D8D /* WeatherService.swift */,
				7BE7B52A2A56739D004F1D8D /* WeatherService+Location.swift */,
				7BE7B5342A568F3D004F1D8D /* WeatherService+API.swift */,
				7BFB61312A5BCA160056F7D8 /* DetailListService.swift */,
				7BD4496B2BFB0A4A00CC6A72 /* PhotoService.swift */,
			);
			path = Service;
			sourceTree = "<group>";
		};
		7B226B772A55487000D1D85F /* Extension */ = {
			isa = PBXGroup;
			children = (
				7B226B7D2A554B9600D1D85F /* Double+TemperatureString.swift */,
				7B226B832A55583E00D1D85F /* Color+Utils.swift */,
				7BF609052A58052700C9D998 /* FileManager+SharedContainer.swift */,
				7BD4496F2BFB0D3700CC6A72 /* Collection+Utils.swift */,
			);
			path = Extension;
			sourceTree = "<group>";
		};
		7B226B782A55487E00D1D85F /* View */ = {
			isa = PBXGroup;
			children = (
				7B0B53062A579F5E0075268F /* LaunchScreenView.swift */,
				7BE7B5212A56436F004F1D8D /* Main */,
				7BFB612B2A5B96EB0056F7D8 /* LocationList */,
				7B0B53102A57E7970075268F /* ErrorView.swift */,
			);
			path = View;
			sourceTree = "<group>";
		};
		7BD449392BFAF3A400CC6A72 /* WeatherWidget */ = {
			isa = PBXGroup;
			children = (
				7BD4494A2BFAF40300CC6A72 /* Model */,
				7BD449492BFAF3FF00CC6A72 /* View */,
				7BD4494B2BFAF49600CC6A72 /* Provider.swift */,
				7BD4493A2BFAF3A400CC6A72 /* WeatherWidgetBundle.swift */,
				7BD4493C2BFAF3A400CC6A72 /* WeatherWidgetLiveActivity.swift */,
				7BD4493E2BFAF3A400CC6A72 /* WeatherWidget.swift */,
				7BD449402BFAF3A500CC6A72 /* Assets.xcassets */,
				7BD449422BFAF3A500CC6A72 /* Info.plist */,
			);
			path = WeatherWidget;
			sourceTree = "<group>";
		};
		7BD449492BFAF3FF00CC6A72 /* View */ = {
			isa = PBXGroup;
			children = (
				7BD4494D2BFAF52800CC6A72 /* WeatherEntryView.swift */,
			);
			path = View;
			sourceTree = "<group>";
		};
		7BD4494A2BFAF40300CC6A72 /* Model */ = {
			isa = PBXGroup;
			children = (
				7BD4494F2BFAF53000CC6A72 /* WidgetData.swift */,
				7BD449512BFAF53A00CC6A72 /* WeatherEntry.swift */,
			);
			path = Model;
			sourceTree = "<group>";
		};
		7BE7B51A2A564095004F1D8D /* MainDetail */ = {
			isa = PBXGroup;
			children = (
				7BE7B51B2A564172004F1D8D /* CurrentWeatherView.swift */,
				7BE7B51D2A56424E004F1D8D /* CurrentWeatherDetailView.swift */,
				7BE7B5242A564650004F1D8D /* MainButtonMenu.swift */,
				7B0B530A2A57D8D50075268F /* MoreList */,
			);
			path = MainDetail;
			sourceTree = "<group>";
		};
		7BE7B5212A56436F004F1D8D /* Main */ = {
			isa = PBXGroup;
			children = (
				7B226B792A55488B00D1D85F /* MainView.swift */,
				7BE7B51A2A564095004F1D8D /* MainDetail */,
			);
			path = Main;
			sourceTree = "<group>";
		};
		7BE7B52F2A568A56004F1D8D /* Model */ = {
			isa = PBXGroup;
			children = (
				7BE7B5302A568A71004F1D8D /* CodableCurrentWeather.swift */,
				7BE7B5322A568E0D004F1D8D /* CodableCurrentAirPollution.swift */,
				7B0B53082A57B0F90075268F /* CodableForecast.swift */,
				7BD449692BFB03D600CC6A72 /* CodableImage.swift */,
				7BE7B5362A5691B4004F1D8D /* ApiError.swift */,
			);
			path = Model;
			sourceTree = "<group>";
		};
		7BEA18532A5CE51D00520E84 /* CoreData */ = {
			isa = PBXGroup;
			children = (
				7BEA18552A5CE55B00520E84 /* WeatherApp.xcdatamodeld */,
				7BEA18582A5CE56700520E84 /* CoreDataManager.swift */,
			);
			path = CoreData;
			sourceTree = "<group>";
		};
		7BFB612B2A5B96EB0056F7D8 /* LocationList */ = {
			isa = PBXGroup;
			children = (
				7BE7B5262A565F4C004F1D8D /* LocationListView.swift */,
				7BFB612C2A5B97030056F7D8 /* DetailGridItem.swift */,
				7BFB61332A5BCF350056F7D8 /* DetailView.swift */,
				7BFB61352A5BD2A90056F7D8 /* ListEditView.swift */,
				7B03E25F2A5E8FBE00A4E27C /* Map */,
			);
			path = LocationList;
			sourceTree = "<group>";
		};
/* End PBXGroup section */

/* Begin PBXNativeTarget section */
		7B226B632A55480C00D1D85F /* WeatherApp */ = {
			isa = PBXNativeTarget;
			buildConfigurationList = 7B226B722A55480E00D1D85F /* Build configuration list for PBXNativeTarget "WeatherApp" */;
			buildPhases = (
				7B226B602A55480C00D1D85F /* Sources */,
				7B226B612A55480C00D1D85F /* Frameworks */,
				7B226B622A55480C00D1D85F /* Resources */,
				7B0B532F2A57ED2A0075268F /* Embed Foundation Extensions */,
			);
			buildRules = (
			);
			dependencies = (
				7BD449442BFAF3A500CC6A72 /* PBXTargetDependency */,
			);
			name = WeatherApp;
			productName = WeatherApp;
			productReference = 7B226B642A55480C00D1D85F /* WeatherApp.app */;
			productType = "com.apple.product-type.application";
		};
		7BD449352BFAF3A400CC6A72 /* WeatherWidgetExtension */ = {
			isa = PBXNativeTarget;
			buildConfigurationList = 7BD449462BFAF3A500CC6A72 /* Build configuration list for PBXNativeTarget "WeatherWidgetExtension" */;
			buildPhases = (
				7BD449322BFAF3A400CC6A72 /* Sources */,
				7BD449332BFAF3A400CC6A72 /* Frameworks */,
				7BD449342BFAF3A400CC6A72 /* Resources */,
			);
			buildRules = (
			);
			dependencies = (
			);
			name = WeatherWidgetExtension;
			productName = WeatherWidgetExtension;
			productReference = 7BD449362BFAF3A400CC6A72 /* WeatherWidgetExtension.appex */;
			productType = "com.apple.product-type.app-extension";
		};
/* End PBXNativeTarget section */

/* Begin PBXProject section */
		7B226B5C2A55480C00D1D85F /* Project object */ = {
			isa = PBXProject;
			attributes = {
				BuildIndependentTargetsInParallel = 1;
				LastSwiftUpdateCheck = 1530;
				LastUpgradeCheck = 1430;
				TargetAttributes = {
					7B226B632A55480C00D1D85F = {
						CreatedOnToolsVersion = 14.3.1;
					};
					7BD449352BFAF3A400CC6A72 = {
						CreatedOnToolsVersion = 15.3;
					};
				};
			};
			buildConfigurationList = 7B226B5F2A55480C00D1D85F /* Build configuration list for PBXProject "WeatherApp" */;
			compatibilityVersion = "Xcode 14.0";
			developmentRegion = en;
			hasScannedForEncodings = 0;
			knownRegions = (
				en,
				Base,
			);
			mainGroup = 7B226B5B2A55480C00D1D85F;
			productRefGroup = 7B226B652A55480C00D1D85F /* Products */;
			projectDirPath = "";
			projectRoot = "";
			targets = (
				7B226B632A55480C00D1D85F /* WeatherApp */,
				7BD449352BFAF3A400CC6A72 /* WeatherWidgetExtension */,
			);
		};
/* End PBXProject section */

/* Begin PBXResourcesBuildPhase section */
		7B226B622A55480C00D1D85F /* Resources */ = {
			isa = PBXResourcesBuildPhase;
			buildActionMask = 2147483647;
			files = (
				7B226B822A5551A700D1D85F /* Launch Screen.storyboard in Resources */,
				7B226B6F2A55480E00D1D85F /* Preview Assets.xcassets in Resources */,
				7B226B6C2A55480E00D1D85F /* Assets.xcassets in Resources */,
			);
			runOnlyForDeploymentPostprocessing = 0;
		};
		7BD449342BFAF3A400CC6A72 /* Resources */ = {
			isa = PBXResourcesBuildPhase;
			buildActionMask = 2147483647;
			files = (
				7BD449412BFAF3A500CC6A72 /* Assets.xcassets in Resources */,
			);
			runOnlyForDeploymentPostprocessing = 0;
		};
/* End PBXResourcesBuildPhase section */

/* Begin PBXSourcesBuildPhase section */
		7B226B602A55480C00D1D85F /* Sources */ = {
			isa = PBXSourcesBuildPhase;
			buildActionMask = 2147483647;
			files = (
				7BE7B5202A5642DA004F1D8D /* MoreWeatherListView.swift in Sources */,
				7BE7B5272A565F4C004F1D8D /* LocationListView.swift in Sources */,
				7B226B7E2A554B9600D1D85F /* Double+TemperatureString.swift in Sources */,
				7BF609062A58052700C9D998 /* FileManager+SharedContainer.swift in Sources */,
				7BE7B51C2A564172004F1D8D /* CurrentWeatherView.swift in Sources */,
				7BD4496A2BFB03D600CC6A72 /* CodableImage.swift in Sources */,
				7BE7B5332A568E0D004F1D8D /* CodableCurrentAirPollution.swift in Sources */,
				7BE7B5372A5691B4004F1D8D /* ApiError.swift in Sources */,
				7B226B682A55480D00D1D85F /* WeatherApp.swift in Sources */,
				7B03E2612A5E8FC800A4E27C /* MapView.swift in Sources */,
				7BFB612D2A5B97030056F7D8 /* DetailGridItem.swift in Sources */,
				7BE639582A70B76B00B863B6 /* Consts.swift in Sources */,
				7BFB61322A5BCA160056F7D8 /* DetailListService.swift in Sources */,
				7BFB61302A5B97C30056F7D8 /* PlaceMark.swift in Sources */,
				7BE7B52B2A56739D004F1D8D /* WeatherService+Location.swift in Sources */,
				7BF713732A6521F5001DB5C4 /* LocationManger.swift in Sources */,
				7B0B53112A57E7970075268F /* ErrorView.swift in Sources */,
				7BEA18592A5CE56700520E84 /* CoreDataManager.swift in Sources */,
				7B226B7C2A554AC900D1D85F /* CurrentWeather.swift in Sources */,
				7BD4496C2BFB0A4A00CC6A72 /* PhotoService.swift in Sources */,
				7BFB61342A5BCF350056F7D8 /* DetailView.swift in Sources */,
				7B226B7A2A55488B00D1D85F /* MainView.swift in Sources */,
				7B0B53072A579F5E0075268F /* LaunchScreenView.swift in Sources */,
				7B226B802A554C8600D1D85F /* Forecast.swift in Sources */,
				7B0B53092A57B0F90075268F /* CodableForecast.swift in Sources */,
				7BE7B5252A564650004F1D8D /* MainButtonMenu.swift in Sources */,
				7BEA18572A5CE55B00520E84 /* WeatherApp.xcdatamodeld in Sources */,
				7BE7B5352A568F3D004F1D8D /* WeatherService+API.swift in Sources */,
				7B03E25E2A5E851800A4E27C /* DetailMapView.swift in Sources */,
				7BD449732BFB3FA400CC6A72 /* WidgetData.swift in Sources */,
				7BE7B5312A568A71004F1D8D /* CodableCurrentWeather.swift in Sources */,
				7BFB61362A5BD2A90056F7D8 /* ListEditView.swift in Sources */,
				7B226B842A55583E00D1D85F /* Color+Utils.swift in Sources */,
				7BD449702BFB0D3700CC6A72 /* Collection+Utils.swift in Sources */,
				7BE7B51E2A56424E004F1D8D /* CurrentWeatherDetailView.swift in Sources */,
				7BE7B5292A56682D004F1D8D /* WeatherService.swift in Sources */,
				7B0B530E2A57D8FB0075268F /* DailyListView.swift in Sources */,
				7B0B530C2A57D8F20075268F /* HourlyListView.swift in Sources */,
			);
			runOnlyForDeploymentPostprocessing = 0;
		};
		7BD449322BFAF3A400CC6A72 /* Sources */ = {
			isa = PBXSourcesBuildPhase;
			buildActionMask = 2147483647;
			files = (
				7BD449562BFAFAD500CC6A72 /* WidgetData.swift in Sources */,
				7BD449622BFAFDA600CC6A72 /* CurrentWeather.swift in Sources */,
				7BD4493B2BFAF3A400CC6A72 /* WeatherWidgetBundle.swift in Sources */,
				7BD449682BFB01A300CC6A72 /* CodableCurrentAirPollution.swift in Sources */,
				7BD4495E2BFAFBCE00CC6A72 /* Provider.swift in Sources */,
				7BD449662BFB018A00CC6A72 /* CodableCurrentWeather.swift in Sources */,
				7BD449632BFAFDAE00CC6A72 /* Forecast.swift in Sources */,
				7BD4493D2BFAF3A400CC6A72 /* WeatherWidgetLiveActivity.swift in Sources */,
				7BD449612BFAFD9B00CC6A72 /* FileManager+SharedContainer.swift in Sources */,
				7BD4495F2BFAFD5900CC6A72 /* Double+TemperatureString.swift in Sources */,
				7BD4493F2BFAF3A400CC6A72 /* WeatherWidget.swift in Sources */,
				7BD449552BFAFACF00CC6A72 /* WeatherEntryView.swift in Sources */,
				7BD449572BFAFAD900CC6A72 /* WeatherEntry.swift in Sources */,
				7BD449672BFB019C00CC6A72 /* CodableForecast.swift in Sources */,
				7BD449602BFAFD6E00CC6A72 /* Color+Utils.swift in Sources */,
			);
			runOnlyForDeploymentPostprocessing = 0;
		};
/* End PBXSourcesBuildPhase section */

/* Begin PBXTargetDependency section */
		7BD449442BFAF3A500CC6A72 /* PBXTargetDependency */ = {
			isa = PBXTargetDependency;
			target = 7BD449352BFAF3A400CC6A72 /* WeatherWidgetExtension */;
			targetProxy = 7BD449432BFAF3A500CC6A72 /* PBXContainerItemProxy */;
		};
/* End PBXTargetDependency section */

/* Begin XCBuildConfiguration section */
		7B226B702A55480E00D1D85F /* Debug */ = {
			isa = XCBuildConfiguration;
			buildSettings = {
				ALWAYS_SEARCH_USER_PATHS = NO;
				CLANG_ANALYZER_NONNULL = YES;
				CLANG_ANALYZER_NUMBER_OBJECT_CONVERSION = YES_AGGRESSIVE;
				CLANG_CXX_LANGUAGE_STANDARD = "gnu++20";
				CLANG_ENABLE_MODULES = YES;
				CLANG_ENABLE_OBJC_ARC = YES;
				CLANG_ENABLE_OBJC_WEAK = YES;
				CLANG_WARN_BLOCK_CAPTURE_AUTORELEASING = YES;
				CLANG_WARN_BOOL_CONVERSION = YES;
				CLANG_WARN_COMMA = YES;
				CLANG_WARN_CONSTANT_CONVERSION = YES;
				CLANG_WARN_DEPRECATED_OBJC_IMPLEMENTATIONS = YES;
				CLANG_WARN_DIRECT_OBJC_ISA_USAGE = YES_ERROR;
				CLANG_WARN_DOCUMENTATION_COMMENTS = YES;
				CLANG_WARN_EMPTY_BODY = YES;
				CLANG_WARN_ENUM_CONVERSION = YES;
				CLANG_WARN_INFINITE_RECURSION = YES;
				CLANG_WARN_INT_CONVERSION = YES;
				CLANG_WARN_NON_LITERAL_NULL_CONVERSION = YES;
				CLANG_WARN_OBJC_IMPLICIT_RETAIN_SELF = YES;
				CLANG_WARN_OBJC_LITERAL_CONVERSION = YES;
				CLANG_WARN_OBJC_ROOT_CLASS = YES_ERROR;
				CLANG_WARN_QUOTED_INCLUDE_IN_FRAMEWORK_HEADER = YES;
				CLANG_WARN_RANGE_LOOP_ANALYSIS = YES;
				CLANG_WARN_STRICT_PROTOTYPES = YES;
				CLANG_WARN_SUSPICIOUS_MOVE = YES;
				CLANG_WARN_UNGUARDED_AVAILABILITY = YES_AGGRESSIVE;
				CLANG_WARN_UNREACHABLE_CODE = YES;
				CLANG_WARN__DUPLICATE_METHOD_MATCH = YES;
				COPY_PHASE_STRIP = NO;
				DEBUG_INFORMATION_FORMAT = dwarf;
				ENABLE_STRICT_OBJC_MSGSEND = YES;
				ENABLE_TESTABILITY = YES;
				GCC_C_LANGUAGE_STANDARD = gnu11;
				GCC_DYNAMIC_NO_PIC = NO;
				GCC_NO_COMMON_BLOCKS = YES;
				GCC_OPTIMIZATION_LEVEL = 0;
				GCC_PREPROCESSOR_DEFINITIONS = (
					"DEBUG=1",
					"$(inherited)",
				);
				GCC_WARN_64_TO_32_BIT_CONVERSION = YES;
				GCC_WARN_ABOUT_RETURN_TYPE = YES_ERROR;
				GCC_WARN_UNDECLARED_SELECTOR = YES;
				GCC_WARN_UNINITIALIZED_AUTOS = YES_AGGRESSIVE;
				GCC_WARN_UNUSED_FUNCTION = YES;
				GCC_WARN_UNUSED_VARIABLE = YES;
				IPHONEOS_DEPLOYMENT_TARGET = 16.4;
				MTL_ENABLE_DEBUG_INFO = INCLUDE_SOURCE;
				MTL_FAST_MATH = YES;
				ONLY_ACTIVE_ARCH = YES;
				SDKROOT = iphoneos;
				SWIFT_ACTIVE_COMPILATION_CONDITIONS = DEBUG;
				SWIFT_OPTIMIZATION_LEVEL = "-Onone";
			};
			name = Debug;
		};
		7B226B712A55480E00D1D85F /* Release */ = {
			isa = XCBuildConfiguration;
			buildSettings = {
				ALWAYS_SEARCH_USER_PATHS = NO;
				CLANG_ANALYZER_NONNULL = YES;
				CLANG_ANALYZER_NUMBER_OBJECT_CONVERSION = YES_AGGRESSIVE;
				CLANG_CXX_LANGUAGE_STANDARD = "gnu++20";
				CLANG_ENABLE_MODULES = YES;
				CLANG_ENABLE_OBJC_ARC = YES;
				CLANG_ENABLE_OBJC_WEAK = YES;
				CLANG_WARN_BLOCK_CAPTURE_AUTORELEASING = YES;
				CLANG_WARN_BOOL_CONVERSION = YES;
				CLANG_WARN_COMMA = YES;
				CLANG_WARN_CONSTANT_CONVERSION = YES;
				CLANG_WARN_DEPRECATED_OBJC_IMPLEMENTATIONS = YES;
				CLANG_WARN_DIRECT_OBJC_ISA_USAGE = YES_ERROR;
				CLANG_WARN_DOCUMENTATION_COMMENTS = YES;
				CLANG_WARN_EMPTY_BODY = YES;
				CLANG_WARN_ENUM_CONVERSION = YES;
				CLANG_WARN_INFINITE_RECURSION = YES;
				CLANG_WARN_INT_CONVERSION = YES;
				CLANG_WARN_NON_LITERAL_NULL_CONVERSION = YES;
				CLANG_WARN_OBJC_IMPLICIT_RETAIN_SELF = YES;
				CLANG_WARN_OBJC_LITERAL_CONVERSION = YES;
				CLANG_WARN_OBJC_ROOT_CLASS = YES_ERROR;
				CLANG_WARN_QUOTED_INCLUDE_IN_FRAMEWORK_HEADER = YES;
				CLANG_WARN_RANGE_LOOP_ANALYSIS = YES;
				CLANG_WARN_STRICT_PROTOTYPES = YES;
				CLANG_WARN_SUSPICIOUS_MOVE = YES;
				CLANG_WARN_UNGUARDED_AVAILABILITY = YES_AGGRESSIVE;
				CLANG_WARN_UNREACHABLE_CODE = YES;
				CLANG_WARN__DUPLICATE_METHOD_MATCH = YES;
				COPY_PHASE_STRIP = NO;
				DEBUG_INFORMATION_FORMAT = "dwarf-with-dsym";
				ENABLE_NS_ASSERTIONS = NO;
				ENABLE_STRICT_OBJC_MSGSEND = YES;
				GCC_C_LANGUAGE_STANDARD = gnu11;
				GCC_NO_COMMON_BLOCKS = YES;
				GCC_WARN_64_TO_32_BIT_CONVERSION = YES;
				GCC_WARN_ABOUT_RETURN_TYPE = YES_ERROR;
				GCC_WARN_UNDECLARED_SELECTOR = YES;
				GCC_WARN_UNINITIALIZED_AUTOS = YES_AGGRESSIVE;
				GCC_WARN_UNUSED_FUNCTION = YES;
				GCC_WARN_UNUSED_VARIABLE = YES;
				IPHONEOS_DEPLOYMENT_TARGET = 16.4;
				MTL_ENABLE_DEBUG_INFO = NO;
				MTL_FAST_MATH = YES;
				SDKROOT = iphoneos;
				SWIFT_COMPILATION_MODE = wholemodule;
				SWIFT_OPTIMIZATION_LEVEL = "-O";
				VALIDATE_PRODUCT = YES;
			};
			name = Release;
		};
		7B226B732A55480E00D1D85F /* Debug */ = {
			isa = XCBuildConfiguration;
			buildSettings = {
				ALWAYS_EMBED_SWIFT_STANDARD_LIBRARIES = YES;
				ASSETCATALOG_COMPILER_APPICON_NAME = AppIcon;
				ASSETCATALOG_COMPILER_GLOBAL_ACCENT_COLOR_NAME = AccentColor;
				CODE_SIGN_ENTITLEMENTS = WeatherApp/WeatherApp.entitlements;
				CODE_SIGN_IDENTITY = "Apple Development";
				CODE_SIGN_STYLE = Automatic;
				CURRENT_PROJECT_VERSION = 1;
				DEVELOPMENT_ASSET_PATHS = "\"WeatherApp/Preview Content\"";
				DEVELOPMENT_TEAM = 7767H9WC92;
				ENABLE_PREVIEWS = YES;
				GENERATE_INFOPLIST_FILE = YES;
				INFOPLIST_FILE = WeatherApp/Info.plist;
				INFOPLIST_KEY_CFBundleDisplayName = WeatherApp;
				INFOPLIST_KEY_NSLocationWhenInUseUsageDescription = "현재 위치에서 날씨 정보를 요청합니다.";
				INFOPLIST_KEY_UIApplicationSceneManifest_Generation = YES;
				INFOPLIST_KEY_UIApplicationSupportsIndirectInputEvents = YES;
				INFOPLIST_KEY_UILaunchScreen_Generation = YES;
				INFOPLIST_KEY_UILaunchStoryboardName = "Launch Screen.storyboard";
				INFOPLIST_KEY_UISupportedInterfaceOrientations_iPad = "UIInterfaceOrientationPortrait UIInterfaceOrientationPortraitUpsideDown UIInterfaceOrientationLandscapeLeft UIInterfaceOrientationLandscapeRight";
				INFOPLIST_KEY_UISupportedInterfaceOrientations_iPhone = "UIInterfaceOrientationPortrait UIInterfaceOrientationLandscapeLeft UIInterfaceOrientationLandscapeRight";
				IPHONEOS_DEPLOYMENT_TARGET = 16.0;
				LD_RUNPATH_SEARCH_PATHS = (
					"$(inherited)",
					"@executable_path/Frameworks",
				);
				MARKETING_VERSION = 1.0;
				PRODUCT_BUNDLE_IDENTIFIER = com.Cudo.Weather;
				PRODUCT_NAME = "$(TARGET_NAME)";
				PROVISIONING_PROFILE_SPECIFIER = "";
				SWIFT_EMIT_LOC_STRINGS = YES;
				SWIFT_VERSION = 5.0;
				TARGETED_DEVICE_FAMILY = "1,2";
			};
			name = Debug;
		};
		7B226B742A55480E00D1D85F /* Release */ = {
			isa = XCBuildConfiguration;
			buildSettings = {
				ALWAYS_EMBED_SWIFT_STANDARD_LIBRARIES = YES;
				ASSETCATALOG_COMPILER_APPICON_NAME = AppIcon;
				ASSETCATALOG_COMPILER_GLOBAL_ACCENT_COLOR_NAME = AccentColor;
				CODE_SIGN_ENTITLEMENTS = WeatherApp/WeatherApp.entitlements;
				CODE_SIGN_IDENTITY = "Apple Development";
				CODE_SIGN_STYLE = Automatic;
				CURRENT_PROJECT_VERSION = 1;
				DEVELOPMENT_ASSET_PATHS = "\"WeatherApp/Preview Content\"";
				DEVELOPMENT_TEAM = 7767H9WC92;
				ENABLE_PREVIEWS = YES;
				GENERATE_INFOPLIST_FILE = YES;
				INFOPLIST_FILE = WeatherApp/Info.plist;
				INFOPLIST_KEY_CFBundleDisplayName = WeatherApp;
				INFOPLIST_KEY_NSLocationWhenInUseUsageDescription = "현재 위치에서 날씨 정보를 요청합니다.";
				INFOPLIST_KEY_UIApplicationSceneManifest_Generation = YES;
				INFOPLIST_KEY_UIApplicationSupportsIndirectInputEvents = YES;
				INFOPLIST_KEY_UILaunchScreen_Generation = YES;
				INFOPLIST_KEY_UILaunchStoryboardName = "Launch Screen.storyboard";
				INFOPLIST_KEY_UISupportedInterfaceOrientations_iPad = "UIInterfaceOrientationPortrait UIInterfaceOrientationPortraitUpsideDown UIInterfaceOrientationLandscapeLeft UIInterfaceOrientationLandscapeRight";
				INFOPLIST_KEY_UISupportedInterfaceOrientations_iPhone = "UIInterfaceOrientationPortrait UIInterfaceOrientationLandscapeLeft UIInterfaceOrientationLandscapeRight";
				IPHONEOS_DEPLOYMENT_TARGET = 16.0;
				LD_RUNPATH_SEARCH_PATHS = (
					"$(inherited)",
					"@executable_path/Frameworks",
				);
				MARKETING_VERSION = 1.0;
				PRODUCT_BUNDLE_IDENTIFIER = com.Cudo.Weather;
				PRODUCT_NAME = "$(TARGET_NAME)";
				PROVISIONING_PROFILE_SPECIFIER = "";
				SWIFT_EMIT_LOC_STRINGS = YES;
				SWIFT_VERSION = 5.0;
				TARGETED_DEVICE_FAMILY = "1,2";
			};
			name = Release;
		};
		7BD449472BFAF3A500CC6A72 /* Debug */ = {
			isa = XCBuildConfiguration;
			buildSettings = {
				ASSETCATALOG_COMPILER_GENERATE_SWIFT_ASSET_SYMBOL_EXTENSIONS = YES;
				ASSETCATALOG_COMPILER_GLOBAL_ACCENT_COLOR_NAME = AccentColor;
				ASSETCATALOG_COMPILER_WIDGET_BACKGROUND_COLOR_NAME = WidgetBackground;
				CODE_SIGN_ENTITLEMENTS = WeatherWidgetExtension.entitlements;
				CODE_SIGN_IDENTITY = "Apple Development";
				CODE_SIGN_STYLE = Automatic;
				CURRENT_PROJECT_VERSION = 1;
				DEVELOPMENT_TEAM = 7767H9WC92;
				ENABLE_USER_SCRIPT_SANDBOXING = YES;
				GCC_C_LANGUAGE_STANDARD = gnu17;
				GENERATE_INFOPLIST_FILE = YES;
				INFOPLIST_FILE = WeatherWidget/Info.plist;
				INFOPLIST_KEY_CFBundleDisplayName = WeatherWidget;
				INFOPLIST_KEY_NSHumanReadableCopyright = "";
				IPHONEOS_DEPLOYMENT_TARGET = 17.4;
				LD_RUNPATH_SEARCH_PATHS = (
					"$(inherited)",
					"@executable_path/Frameworks",
					"@executable_path/../../Frameworks",
				);
				LOCALIZATION_PREFERS_STRING_CATALOGS = YES;
				MARKETING_VERSION = 1.0;
				PRODUCT_BUNDLE_IDENTIFIER = com.Cudo.Weather.WeatherWidget;
				PRODUCT_NAME = "$(TARGET_NAME)";
				PROVISIONING_PROFILE_SPECIFIER = "";
				SKIP_INSTALL = YES;
				SWIFT_ACTIVE_COMPILATION_CONDITIONS = "DEBUG $(inherited)";
				SWIFT_EMIT_LOC_STRINGS = YES;
				SWIFT_VERSION = 5.0;
				TARGETED_DEVICE_FAMILY = "1,2";
			};
			name = Debug;
		};
		7BD449482BFAF3A500CC6A72 /* Release */ = {
			isa = XCBuildConfiguration;
			buildSettings = {
				ASSETCATALOG_COMPILER_GENERATE_SWIFT_ASSET_SYMBOL_EXTENSIONS = YES;
				ASSETCATALOG_COMPILER_GLOBAL_ACCENT_COLOR_NAME = AccentColor;
				ASSETCATALOG_COMPILER_WIDGET_BACKGROUND_COLOR_NAME = WidgetBackground;
				CODE_SIGN_ENTITLEMENTS = WeatherWidgetExtension.entitlements;
				CODE_SIGN_IDENTITY = "Apple Development";
				CODE_SIGN_STYLE = Automatic;
				CURRENT_PROJECT_VERSION = 1;
				DEVELOPMENT_TEAM = 7767H9WC92;
				ENABLE_USER_SCRIPT_SANDBOXING = YES;
				GCC_C_LANGUAGE_STANDARD = gnu17;
				GENERATE_INFOPLIST_FILE = YES;
				INFOPLIST_FILE = WeatherWidget/Info.plist;
				INFOPLIST_KEY_CFBundleDisplayName = WeatherWidget;
				INFOPLIST_KEY_NSHumanReadableCopyright = "";
				IPHONEOS_DEPLOYMENT_TARGET = 17.4;
				LD_RUNPATH_SEARCH_PATHS = (
					"$(inherited)",
					"@executable_path/Frameworks",
					"@executable_path/../../Frameworks",
				);
				LOCALIZATION_PREFERS_STRING_CATALOGS = YES;
				MARKETING_VERSION = 1.0;
				PRODUCT_BUNDLE_IDENTIFIER = com.Cudo.Weather.WeatherWidget;
				PRODUCT_NAME = "$(TARGET_NAME)";
				PROVISIONING_PROFILE_SPECIFIER = "";
				SKIP_INSTALL = YES;
				SWIFT_EMIT_LOC_STRINGS = YES;
				SWIFT_VERSION = 5.0;
				TARGETED_DEVICE_FAMILY = "1,2";
			};
			name = Release;
		};
/* End XCBuildConfiguration section */

/* Begin XCConfigurationList section */
		7B226B5F2A55480C00D1D85F /* Build configuration list for PBXProject "WeatherApp" */ = {
			isa = XCConfigurationList;
			buildConfigurations = (
				7B226B702A55480E00D1D85F /* Debug */,
				7B226B712A55480E00D1D85F /* Release */,
			);
			defaultConfigurationIsVisible = 0;
			defaultConfigurationName = Release;
		};
		7B226B722A55480E00D1D85F /* Build configuration list for PBXNativeTarget "WeatherApp" */ = {
			isa = XCConfigurationList;
			buildConfigurations = (
				7B226B732A55480E00D1D85F /* Debug */,
				7B226B742A55480E00D1D85F /* Release */,
			);
			defaultConfigurationIsVisible = 0;
			defaultConfigurationName = Release;
		};
		7BD449462BFAF3A500CC6A72 /* Build configuration list for PBXNativeTarget "WeatherWidgetExtension" */ = {
			isa = XCConfigurationList;
			buildConfigurations = (
				7BD449472BFAF3A500CC6A72 /* Debug */,
				7BD449482BFAF3A500CC6A72 /* Release */,
			);
			defaultConfigurationIsVisible = 0;
			defaultConfigurationName = Release;
		};
/* End XCConfigurationList section */

/* Begin XCVersionGroup section */
		7BEA18552A5CE55B00520E84 /* WeatherApp.xcdatamodeld */ = {
			isa = XCVersionGroup;
			children = (
				7BEA18562A5CE55B00520E84 /* WeatherApp.xcdatamodel */,
			);
			currentVersion = 7BEA18562A5CE55B00520E84 /* WeatherApp.xcdatamodel */;
			path = WeatherApp.xcdatamodeld;
			sourceTree = "<group>";
			versionGroupType = wrapper.xcdatamodel;
		};
/* End XCVersionGroup section */
	};
	rootObject = 7B226B5C2A55480C00D1D85F /* Project object */;
}
